
Microsoft Visual Studio Solution File, Format Version 12.00
# Visual Studio Version 16
VisualStudioVersion = 16.0.31105.61
MinimumVisualStudioVersion = 10.0.40219.1
Project("{9A19103F-16F7-4668-BE54-9A1E7A4F7556}") = "HalkBankCore", "HalkBankCore\HalkBankCore.csproj", "{51E547A8-8927-46A9-ADCA-CDA8ED97F4AF}"
EndProject
Project("{FAE04EC0-301F-11D3-BF4B-00C04F79EFBC}") = "HalkBankListDemo1", "HalkBankListDemo1\HalkBankListDemo1.csproj", "{F46F157B-4AC4-4023-AE63-E59635698501}"
EndProject
Global
	GlobalSection(SolutionConfigurationPlatforms) = preSolution
		Debug|Any CPU = Debug|Any CPU
		Release|Any CPU = Release|Any CPU
	EndGlobalSection
	GlobalSection(ProjectConfigurationPlatforms) = postSolution
		{51E547A8-8927-46A9-ADCA-CDA8ED97F4AF}.Debug|Any CPU.ActiveCfg = Debug|Any CPU
		{51E547A8-8927-46A9-ADCA-CDA8ED97F4AF}.Debug|Any CPU.Build.0 = Debug|Any CPU
		{51E547A8-8927-46A9-ADCA-CDA8ED97F4AF}.Release|Any CPU.ActiveCfg = Release|Any CPU
		{51E547A8-8927-46A9-ADCA-CDA8ED97F4AF}.Release|Any CPU.Build.0 = Release|Any CPU
		{F46F157B-4AC4-4023-AE63-E59635698501}.Debug|Any CPU.ActiveCfg = Debug|Any CPU
		{F46F157B-4AC4-4023-AE63-E59635698501}.Debug|Any CPU.Build.0 = Debug|Any CPU
		{F46F157B-4AC4-4023-AE63-E59635698501}.Release|Any CPU.ActiveCfg = Release|Any CPU
		{F46F157B-4AC4-4023-AE63-E59635698501}.Release|Any CPU.Build.0 = Release|Any CPU
	EndGlobalSection
	GlobalSection(SolutionProperties) = preSolution
		HideSolutionNode = FALSE
	EndGlobalSection
	GlobalSection(ExtensibilityGlobals) = postSolution
		SolutionGuid = {7171C899-A51A-4ECB-81BC-6CA5239F95F1}
	EndGlobalSection
EndGlobal
